
Microsoft Visual Studio Solution File, Format Version 12.00
# Visual Studio Version 16
VisualStudioVersion = 16.0.30611.23
MinimumVisualStudioVersion = 10.0.40219.1
Project("{FAE04EC0-301F-11D3-BF4B-00C04F79EFBC}") = "Игра", "Игра\Игра.csproj", "{C3703C67-5B94-4B5F-84AD-AB8D315B0B7B}"
EndProject
Global
	GlobalSection(SolutionConfigurationPlatforms) = preSolution
		Debug|Any CPU = Debug|Any CPU
		Release|Any CPU = Release|Any CPU
	EndGlobalSection
	GlobalSection(ProjectConfigurationPlatforms) = postSolution
		{C3703C67-5B94-4B5F-84AD-AB8D315B0B7B}.Debug|Any CPU.ActiveCfg = Debug|Any CPU
		{C3703C67-5B94-4B5F-84AD-AB8D315B0B7B}.Debug|Any CPU.Build.0 = Debug|Any CPU
		{C3703C67-5B94-4B5F-84AD-AB8D315B0B7B}.Release|Any CPU.ActiveCfg = Release|Any CPU
		{C3703C67-5B94-4B5F-84AD-AB8D315B0B7B}.Release|Any CPU.Build.0 = Release|Any CPU
	EndGlobalSection
	GlobalSection(SolutionProperties) = preSolution
		HideSolutionNode = FALSE
	EndGlobalSection
	GlobalSection(ExtensibilityGlobals) = postSolution
		SolutionGuid = {69CC93F4-8EC3-4760-AC6F-61A4164CCDF0}
	EndGlobalSection
EndGlobal
